{
  "name": "picstr",
  "version": "1.0.0",
  "lockfileVersion": 3,
  "requires": true,
  "packages": {
    "": {
      "name": "picstr",
      "version": "1.0.0",
      "dependencies": {
        "@fontsource-variable/inter": "^5.3.0",
        "@tabler/core": "^1.6.1",
        "htmx.org": "^2.0.11",
        "hyperscript.org": "^0.9.93",
        "leaflet": "^1.9.4",
        "tom-select": "^2.6.2"
      }
    },
    "node_modules/@fontsource-variable/inter": {
      "version": "5.3.0",
      "resolved": "https://registry.npmjs.org/@fontsource-variable/inter/-/inter-5.3.0.tgz",
      "integrity": "sha512-OupL48va4JNofb97w6NYeF9S7W/kHNKM0Er8Dem5nqi4jeOLrVJDoE8tZEpnMJmtkvNbB1EIPPwHcdkF6b1oUA==",
      "funding": {
        "url": "https://github.com/sponsors/ayuhito"
      }
    },
    "node_modules/@orchidjs/sifter": {
      "version": "1.1.0",
      "resolved": "https://registry.npmjs.org/@orchidjs/sifter/-/sifter-1.1.0.tgz",
      "integrity": "sha512-mYwHCfr736cIWWdhhSZvDbf90AKt2xyrJspKFC3qyIJG1LtrJeJunYEqCGG4Aq2ijENbc4WkOjszcvNaIAS/pQ==",
      "dependencies": {
        "@orchidjs/unicode-variants": "^1.1.2"
      }
    },
    "node_modules/@orchidjs/unicode-variants": {
      "version": "1.1.2",
      "resolved": "https://registry.npmjs.org/@orchidjs/unicode-variants/-/unicode-variants-1.1.2.tgz",
      "integrity": "sha512-5DobW1CHgnBROOEpFlEXytED5OosEWESFvg/VYmH0143oXcijYTprRYJTs+55HzGM4IqxiLFSuqEzu9mPNwVsA=="
    },
    "node_modules/@popperjs/core": {
      "version": "2.11.8",
      "resolved": "https://registry.npmjs.org/@popperjs/core/-/core-2.11.8.tgz",
      "integrity": "sha512-P1st0aksCrn9sGZhp8GMYwBnQsbvAWsZAX44oXNNvLHGqAOcoVxmjZiohstwQ7SqKnbR47akdNi+uleWD8+g6A==",
      "funding": {
        "type": "opencollective",
        "url": "https://opencollective.com/popperjs"
      }
    },
    "node_modules/@tabler/core": {
      "version": "1.6.1",
      "resolved": "https://registry.npmjs.org/@tabler/core/-/core-1.6.1.tgz",
      "integrity": "sha512-lgmR9gcxRp5JlLxcmRi9Rz85JrEvH6Bz71KnlcPVSa97wtwQNjgSs3g3fxwbAlulHyRMghhIV04QUuW3pqDsIg==",
      "dependencies": {
        "@popperjs/core": "^2.11.8"
      },
      "engines": {
        "node": ">=20"
      },
      "funding": {
        "type": "github",
        "url": "https://github.com/sponsors/codecalm"
      },
      "peerDependencies": {
        "vanilla-calendar-pro": "^3.3.2"
      },
      "peerDependenciesMeta": {
        "vanilla-calendar-pro": {
          "optional": true
        }
      }
    },
    "node_modules/htmx.org": {
      "version": "2.0.11",
      "resolved": "https://registry.npmjs.org/htmx.org/-/htmx.org-2.0.11.tgz",
      "integrity": "sha512-Thx/WtpeOQqSrqBCw/A1cwGJGg4UrVa3+sW0GmrM3p4gJgO89ecH4qtbnyzDDWFvBTqjnIMCgELTNt636dtamA=="
    },
    "node_modules/hyperscript.org": {
      "version": "0.9.93",
      "resolved": "https://registry.npmjs.org/hyperscript.org/-/hyperscript.org-0.9.93.tgz",
      "integrity": "sha512-9Lr9SisBgUW5AjeTekwXErZJLlnFFfq8BiXDzaMGpmX8MA64XdSM3MFYDaWsSFj/ALxeWwtteVgWobKn8DYIkA==",
      "bin": {
        "hyperscript.org": "dist/platform/node-hyperscript.js"
      }
    },
    "node_modules/leaflet": {
      "version": "1.9.4",
      "resolved": "https://registry.npmjs.org/leaflet/-/leaflet-1.9.4.tgz",
      "integrity": "sha512-nxS1ynzJOmOlHp+iL3FyWqK89GtNL8U8rvlMOsQdTTssxZwCXh8N2NB3GDQOL+YR3XnWyZAxwQixURb+FA74PA=="
    },
    "node_modules/tom-select": {
      "version": "2.6.2",
      "resolved": "https://registry.npmjs.org/tom-select/-/tom-select-2.6.2.tgz",
      "integrity": "sha512-eiXIkk82XzzUTOVQDFpy+ZGejuqdTvMukyUyeZBQaKnqW42UoTiTZnrod/eX0rkqJEc4rZY9DZ3zdjV07i29wQ==",
      "dependencies": {
        "@orchidjs/sifter": "^1.1.0",
        "@orchidjs/unicode-variants": "^1.1.2"
      },
      "engines": {
        "node": "*"
      },
      "funding": {
        "type": "opencollective",
        "url": "https://opencollective.com/tom-select"
      }
    }
  }
}
